# This file is autogenerated, do not edit; changes may be undone by the next 'dep ensure'.


[[projects]]
  branch = "master"
  name = "bazil.org/fuse"
  packages = [".","fs","fuseutil"]
  revision = "65cc252bf6691cb3c7014bcb2c8dc29de91e3a7e"

[[projects]]
  branch = "master"
  name = "github.com/Stebalien/go-bitfield"
  packages = ["."]
  revision = "076a62f9ce6ea421ab74a91f2d8dc7124f0cfd64"

[[projects]]
  branch = "master"
  name = "github.com/bren2010/proquint"
  packages = ["."]
  revision = "38337c27106d8f06e9b5cddc6df973ceece1c8ea"

[[projects]]
  branch = "master"
  name = "github.com/btcsuite/btcd"
  packages = ["btcec"]
  revision = "9bfb2ca0346b57e246cc96fa31074df521175240"

[[projects]]
  name = "github.com/cenkalti/backoff"
  packages = ["."]
  revision = "1e4cf3da559842a91afcb6ea6141451e6c30c618"
  version = "v2.1.1"

[[projects]]
  name = "github.com/cheekybits/genny"
  packages = ["generic"]
  revision = "d2cf3cdd35ce0d789056c4bc02a4d6349c947caf"
  version = "v1.0.0"

[[projects]]
  name = "github.com/coreos/go-semver"
  packages = ["semver"]
  revision = "e214231b295a8ea9479f11b70b35d5acf3556d9b"
  version = "v0.3.0"

[[projects]]
  name = "github.com/cskr/pubsub"
  packages = ["."]
  revision = "65166f5ae403cbf6dcdced31e1f8f8ad95485cb3"
  version = "v1.0.2"

[[projects]]
  name = "github.com/davecgh/go-spew"
  packages = ["spew"]
  revision = "8991bc29aa16c548c550c7ff78260e27b9ab7c73"
  version = "v1.1.1"

[[projects]]
  branch = "master"
  name = "github.com/davidlazar/go-crypto"
  packages = ["salsa20"]
  revision = "dcfb0a7ac018a248366f96bcd8a2f8c805d7b268"

[[projects]]
  name = "github.com/gogo/protobuf"
  packages = ["gogoproto","io","proto","protoc-gen-gogo/descriptor"]
  revision = "ba06b47c162d49f2af050fb4c75bcbc86a159d5c"
  version = "v1.2.1"

[[projects]]
  name = "github.com/golang/protobuf"
  packages = ["proto","ptypes","ptypes/any","ptypes/duration","ptypes/timestamp"]
  revision = "b5d812f8a3706043e23a9cd5babf2e5423744d30"
  version = "v1.3.1"

[[projects]]
  name = "github.com/google/uuid"
  packages = ["."]
  revision = "0cd6bf5da1e1c83f8b45653022c74f71af0538a4"
  version = "v1.1.1"

[[projects]]
  name = "github.com/gorilla/websocket"
  packages = ["."]
  revision = "66b9c49e59c6c48f0ffce28c2d8b8a5678502c6d"
  version = "v1.4.0"

[[projects]]
  name = "github.com/gxed/hashland"
  packages = ["keccakpg","murmur3"]
  revision = "a72cc0875a1e95edd309d3134bc7c11bf2d7360b"
  version = "v0.0.1"

[[projects]]
  name = "github.com/hashicorp/errwrap"
  packages = ["."]
  revision = "8a6fb523712970c966eefc6b39ed2c5e74880354"
  version = "v1.0.0"

[[projects]]
  name = "github.com/hashicorp/go-multierror"
  packages = ["."]
  revision = "886a7fbe3eb1c874d46f623bfa70af45f425b3d1"
  version = "v1.0.0"

[[projects]]
  name = "github.com/hashicorp/golang-lru"
  packages = [".","simplelru"]
  revision = "7087cb70de9f7a8bc0a10c375cb0d2280a8edf9c"
  version = "v0.5.1"

[[projects]]
  name = "github.com/huin/goupnp"
  packages = [".","dcps/internetgateway1","dcps/internetgateway2","httpu","scpd","soap","ssdp"]
  revision = "656e61dfadd241c7cbdd22a023fa81ecb6860ea8"
  version = "v1.0.0"

[[projects]]
  name = "github.com/ipfs/bbloom"
  packages = ["."]
  revision = "4492942caf937893b9cf1ebba71c297beda904b2"
  version = "v0.0.1"

[[projects]]
  name = "github.com/ipfs/go-bitswap"
  packages = [".","decision","getter","message","message/pb","messagequeue","network","notifications","peermanager","providerquerymanager","session","sessionmanager","sessionpeermanager","sessionrequestsplitter","testnet","wantlist","wantmanager"]
  revision = "2c47a554bca866a2ec50d54ccd192bf314c704f1"
  version = "v0.0.4"

[[projects]]
  name = "github.com/ipfs/go-block-format"
  packages = ["."]
  revision = "9e46c0dce5d9a041b8ea1eed8ca924b36355c61b"
  version = "v0.0.2"

[[projects]]
  name = "github.com/ipfs/go-blockservice"
  packages = ["."]
  revision = "6ca3282a724998a2d47165de34f200ec3bc89619"
  version = "v0.0.3"

[[projects]]
  name = "github.com/ipfs/go-cid"
  packages = ["."]
  revision = "e7e67e08cfba888a4297224402e12832bdc15ea0"
  version = "v0.0.1"

[[projects]]
  name = "github.com/ipfs/go-cidutil"
  packages = ["."]
  revision = "7a289d95efee00994339172286cc99120f87b3e9"
  version = "v0.0.1"

[[projects]]
  name = "github.com/ipfs/go-datastore"
  packages = [".","autobatch","delayed","keytransform","namespace","query","retrystore","sync"]
  revision = "0f659c796fe624d18e89f3989361141e0f3a64b5"
  version = "v0.0.4"

[[projects]]
  name = "github.com/ipfs/go-ipfs"
  packages = [".","core","dagutils","exchange/reprovide","filestore","filestore/pb","fuse/mount","keystore","namesys","namesys/republisher","p2p","pin","pin/internal/pb","provider","repo","thirdparty/cidv0v1","thirdparty/math2","thirdparty/verifbs"]
  revision = "8efc82534f74916b3416b7f10e4daac8ff1e95c9"
  version = "v0.4.20"

[[projects]]
  name = "github.com/ipfs/go-ipfs-addr"
  packages = ["."]
  revision = "ac4881d4db36effbbeebf93d9172fcb20ed04c15"
  version = "v0.0.1"

[[projects]]
  name = "github.com/ipfs/go-ipfs-blockstore"
  packages = ["."]
  revision = "8d6a694a33d2729a94d848208c75d117b77c3492"
  version = "v0.0.1"

[[projects]]
  name = "github.com/ipfs/go-ipfs-chunker"
  packages = ["."]
  revision = "ecef6090e78f549c5f48f18d398e7b7f97e8c32d"
  version = "v0.0.1"

[[projects]]
  name = "github.com/ipfs/go-ipfs-config"
  packages = ["."]
  revision = "355e5f1c516b56e0a6a64c20975bc97d4952d2d5"
  version = "v0.0.1"

[[projects]]
  name = "github.com/ipfs/go-ipfs-delay"
  packages = ["."]
  revision = "6482ad624d0b4f4053563439f8ca0bd619fbc737"
  version = "v0.0.1"

[[projects]]
  name = "github.com/ipfs/go-ipfs-ds-help"
  packages = ["."]
  revision = "4a69beb72c1b4e6e7ed62c5c5cbc1bd7a3d219b2"
  version = "v0.0.1"

[[projects]]
  name = "github.com/ipfs/go-ipfs-exchange-interface"
  packages = ["."]
  revision = "b6e88260772433e18af18bb3f237d78678e65f0b"
  version = "v0.0.1"

[[projects]]
  name = "github.com/ipfs/go-ipfs-exchange-offline"
  packages = ["."]
  revision = "e3705b31117ceccfa67820f84c1085f74f5e039b"
  version = "v0.0.1"

[[projects]]
  name = "github.com/ipfs/go-ipfs-files"
  packages = ["."]
  revision = "c68472a9b1ec45177ccf8fda607698c86ae0060f"
  version = "v0.0.2"

[[projects]]
  name = "github.com/ipfs/go-ipfs-flags"
  packages = ["."]
  revision = "89d41d6d2542f7b3b25e01d7b4a3769885055454"
  version = "v0.0.1"

[[projects]]
  name = "github.com/ipfs/go-ipfs-posinfo"
  packages = ["."]
  revision = "19b0f52f6bd140be93fb568203586a165eb1aadf"
  version = "v0.0.1"

[[projects]]
  name = "github.com/ipfs/go-ipfs-pq"
  packages = ["."]
  revision = "63128f5dd36a6c20c0f2d1c65eb4390d2590a273"
  version = "v0.0.1"

[[projects]]
  name = "github.com/ipfs/go-ipfs-routing"
  packages = ["mock","none","offline"]
  revision = "29e4c89c60c510152e46033844194a62bc89b281"
  version = "v0.0.1"

[[projects]]
  name = "github.com/ipfs/go-ipfs-util"
  packages = ["."]
  revision = "a4bb5361e49427531f9a716ead2ce4bd9bdd7959"
  version = "v0.0.1"

[[projects]]
  name = "github.com/ipfs/go-ipld-cbor"
  packages = [".","encoding"]
  revision = "e63450c54844e1bfe509b17cc73071c4ab150ef0"
  version = "v0.0.1"

[[projects]]
  name = "github.com/ipfs/go-ipld-format"
  packages = ["."]
  revision = "e6e9ea4d16a85d09cafb4dace15b978e984fa672"
  version = "v0.0.1"

[[projects]]
  name = "github.com/ipfs/go-ipns"
  packages = [".","pb"]
  revision = "a989b48e3b7d32af1c872cbf2f6e884a08a9b351"
  version = "v0.0.1"

[[projects]]
  name = "github.com/ipfs/go-log"
  packages = [".","tracer","tracer/wire","writer"]
  revision = "91b837264c0f35dd4e2be341d711316b91d3573d"
  version = "v0.0.1"

[[projects]]
  name = "github.com/ipfs/go-merkledag"
  packages = [".","pb"]
  revision = "5e8e186e4d8f03514a43464e5b47310e71372ffc"
  version = "v0.0.3"

[[projects]]
  name = "github.com/ipfs/go-metrics-interface"
  packages = ["."]
  revision = "87aa106f53272f064ca7956a6db83f17a553f254"
  version = "v0.0.1"

[[projects]]
  name = "github.com/ipfs/go-mfs"
  packages = ["."]
  revision = "198fe2d22702d7d8102ba09900cddfd6981cabe1"
  version = "v0.0.5"

[[projects]]
  name = "github.com/ipfs/go-path"
  packages = [".","resolver"]
  revision = "a1e7a849ac2bae46007920db4b6efe6faa4296a6"
  version = "v0.0.3"

[[projects]]
  name = "github.com/ipfs/go-todocounter"
  packages = ["."]
  revision = "bc75efcf13e6e50fbba27679ba5451585d70c954"
  version = "v0.0.1"

[[projects]]
  name = "github.com/ipfs/go-unixfs"
  packages = [".","hamt","importer/helpers","importer/trickle","io","mod","pb"]
  revision = "0b7b8867647cb408d8c057d00b0f0b170e2f1f1c"
  version = "v0.0.4"

[[projects]]
  name = "github.com/ipfs/go-verifcid"
  packages = ["."]
  revision = "34e41ba962e7ce0211a05915f788486c8db755f1"
  version = "v0.0.1"

[[projects]]
  name = "github.com/ipfs/interface-go-ipfs-core"
  packages = [".","options","options/namesys"]
  revision = "9ebc1123b3ad1c63ac4804d4c9aa9b1f4a1b0fd9"
  version = "v0.0.6"

[[projects]]
  name = "github.com/jackpal/gateway"
  packages = ["."]
  revision = "cbcf4e3f3baee7952fc386c8b2534af4d267c875"
  version = "v1.0.5"

[[projects]]
  name = "github.com/jackpal/go-nat-pmp"
  packages = ["."]
  revision = "c9cfead9f2a36ddf3daa40ba269aa7f4bbba6b62"
  version = "v1.0.1"

[[projects]]
  branch = "master"
  name = "github.com/jbenet/go-context"
  packages = ["io"]
  revision = "d14ea06fba99483203c19d92cfcd13ebe73135f4"

[[projects]]
  name = "github.com/jbenet/go-is-domain"
  packages = ["."]
  revision = "009bc9fc8d69261cc21e8eb2aa0925af155d1c11"
  version = "v1.0.2"

[[projects]]
  branch = "master"
  name = "github.com/jbenet/go-temp-err-catcher"
  packages = ["."]
  revision = "aac704a3f4f27190b4ccc05f303a4931fd1241ff"

[[projects]]
  branch = "master"
  name = "github.com/jbenet/goprocess"
  packages = [".","context","periodic","ratelimit"]
  revision = "b497e2f366b8624394fb2e89c10ab607bebdde0b"

[[projects]]
  name = "github.com/koron/go-ssdp"
  packages = ["."]
  revision = "6d1709049dead37ead37808479f88c9bffa2c4d6"
  version = "v0.1"

[[projects]]
  name = "github.com/libp2p/go-addr-util"
  packages = ["."]
  revision = "4cd36c0f325f9e38f1e31ff7a10b9d94d53a11cf"
  version = "v0.0.1"

[[projects]]
  name = "github.com/libp2p/go-buffer-pool"
  packages = ["."]
  revision = "eecb57f6a721b4a66062ebeb61d1da7ce1c38fbf"
  version = "v0.0.1"

[[projects]]
  name = "github.com/libp2p/go-conn-security"
  packages = [".","insecure"]
  revision = "80b6115ae32f104b2ed14d16a8551248f4599338"
  version = "v0.0.1"

[[projects]]
  name = "github.com/libp2p/go-conn-security-multistream"
  packages = ["."]
  revision = "d4c3bf7e5688390e4106d3ec73aafd7d0856143b"
  version = "v0.0.1"

[[projects]]
  name = "github.com/libp2p/go-flow-metrics"
  packages = ["."]
  revision = "1f5b3acc846b2c8ce4c4e713296af74f5c24df55"
  version = "v0.0.1"

[[projects]]
  name = "github.com/libp2p/go-libp2p"
  packages = [".","config","p2p/discovery","p2p/host/basic","p2p/host/relay","p2p/host/routed","p2p/net/mock","p2p/protocol/identify","p2p/protocol/identify/pb","p2p/protocol/ping"]
  revision = "f106bf7f74f573d33505b7173ef2f7f0596b5d67"
  version = "v0.0.13"

[[projects]]
  name = "github.com/libp2p/go-libp2p-autonat"
  packages = [".","pb"]
  revision = "c827b8ba68e6997431c27313efad33df19b5f6a3"
  version = "v0.0.4"

[[projects]]
  name = "github.com/libp2p/go-libp2p-autonat-svc"
  packages = ["."]
  revision = "bcaff01a6eb53bf7e7a93f06b8fc494627a91641"
  version = "v0.0.5"

[[projects]]
  name = "github.com/libp2p/go-libp2p-circuit"
  packages = [".","pb"]
  revision = "d07cd5f739a7878121b10e54a8ead734f93e2ddf"
  version = "v0.0.4"

[[projects]]
  name = "github.com/libp2p/go-libp2p-connmgr"
  packages = ["."]
  revision = "44a04f91e1fc9eb63caaf970e55cf319be76abee"
  version = "v0.0.3"

[[projects]]
  name = "github.com/libp2p/go-libp2p-crypto"
  packages = [".","pb"]
  revision = "b0ed0e663e8b6832bad3f4502b2f6551ff2686cd"
  version = "v0.0.1"

[[projects]]
  name = "github.com/libp2p/go-libp2p-discovery"
  packages = ["."]
  revision = "4cb4193d603389a75bccd07336de74d54bea6b00"
  version = "v0.0.2"

[[projects]]
  name = "github.com/libp2p/go-libp2p-host"
  packages = ["."]
  revision = "df61f890baee33effc62473e65c0ce481407181d"
  version = "v0.0.2"

[[projects]]
  name = "github.com/libp2p/go-libp2p-interface-connmgr"
  packages = ["."]
  revision = "e80dd2e9f839e44febfcb7e6b38ded8761332eb6"
  version = "v0.0.3"

[[projects]]
  name = "github.com/libp2p/go-libp2p-interface-pnet"
  packages = ["."]
  revision = "b02026130a4daafb8001e039e116121cb92ae1a9"
  version = "v0.0.1"

[[projects]]
  name = "github.com/libp2p/go-libp2p-kad-dht"
  packages = [".","opts","pb","providers"]
  revision = "b99a6ee931a8331ccfb8292bee6d3e5c03edf5e1"
  version = "v0.0.8"

[[projects]]
  name = "github.com/libp2p/go-libp2p-kbucket"
  packages = [".","keyspace"]
  revision = "0ac6a1f84ed8c7d05b204f9f09556b1e34e1253a"
  version = "v0.1.1"

[[projects]]
  name = "github.com/libp2p/go-libp2p-loggables"
  packages = ["."]
  revision = "332c68ea465a3353571377635eb0fc257a0c38c4"
  version = "v0.0.1"

[[projects]]
  name = "github.com/libp2p/go-libp2p-metrics"
  packages = ["."]
  revision = "f7021db7729eb519a86ec6a90b5b476e6072f6f7"
  version = "v0.0.1"

[[projects]]
  name = "github.com/libp2p/go-libp2p-nat"
  packages = ["."]
  revision = "c50c291a61bceccb914366d93eb24f58594e9134"
  version = "v0.0.4"

[[projects]]
  name = "github.com/libp2p/go-libp2p-net"
  packages = ["."]
  revision = "e1b54a3fd69634603ac02b34e4eefcf5aca50ed9"
  version = "v0.0.2"

[[projects]]
  name = "github.com/libp2p/go-libp2p-netutil"
  packages = ["."]
  revision = "126124c7f3e570a469754c4857bd86527f5eb94e"
  version = "v0.0.1"

[[projects]]
  name = "github.com/libp2p/go-libp2p-peer"
  packages = [".","peerset","test"]
  revision = "96d6d7940e6fc555240a92d1b4615049cd451da2"
  version = "v0.1.0"

[[projects]]
  name = "github.com/libp2p/go-libp2p-peerstore"
  packages = [".","addr","pstoremem","queue"]
  revision = "deb2163a68539428cc60859cf2a21235d871aa60"
  version = "v0.0.2"

[[projects]]
  name = "github.com/libp2p/go-libp2p-pnet"
  packages = ["."]
  revision = "7424696a369ba1535fd7961f22d710e39ae7c8f9"
  version = "v0.0.1"

[[projects]]
  name = "github.com/libp2p/go-libp2p-protocol"
  packages = ["."]
  revision = "c170ad966a647835bda0cbe4dc710cf9f94949b6"
  version = "v0.0.1"

[[projects]]
  name = "github.com/libp2p/go-libp2p-pubsub"
  packages = [".","pb"]
  revision = "25cbf38777e869acb77e8079c3c76d6b430e66ad"
  version = "v0.0.1"

[[projects]]
  name = "github.com/libp2p/go-libp2p-pubsub-router"
  packages = ["."]
  revision = "228ab843b11da664bb67cf1caa1b1fdf611aa769"
  version = "v0.0.3"

[[projects]]
  name = "github.com/libp2p/go-libp2p-quic-transport"
  packages = ["."]
  revision = "b069bc9fa68a05c01a361550ca59f5e3fb9b421e"
  version = "v0.0.3"

[[projects]]
  name = "github.com/libp2p/go-libp2p-record"
  packages = [".","pb"]
  revision = "4c2093f40950fe401a612a725ef0765c0c767b60"
  version = "v0.0.1"

[[projects]]
  name = "github.com/libp2p/go-libp2p-routing"
  packages = [".","notifications","options"]
  revision = "ab366780f22ac0d2625105a9f6d3cace1817dd30"
  version = "v0.0.1"

[[projects]]
  name = "github.com/libp2p/go-libp2p-routing-helpers"
  packages = ["."]
  revision = "80177179327fbef5249eb0bc7f372d830f939a5c"
  version = "v0.0.2"

[[projects]]
  name = "github.com/libp2p/go-libp2p-secio"
  packages = [".","pb"]
  revision = "c3eee8a92db23bd65c434512810c60bec85e7ac9"
  version = "v0.0.1"

[[projects]]
  name = "github.com/libp2p/go-libp2p-swarm"
  packages = ["."]
  revision = "51da4b6c9c2e869dce87a455a7c788d7181711c7"
  version = "v0.0.2"

[[projects]]
  name = "github.com/libp2p/go-libp2p-transport"
  packages = ["."]
  revision = "760cba29c65701ce7b688f238f6c93cc1d899dde"
  version = "v0.0.4"

[[projects]]
  name = "github.com/libp2p/go-libp2p-transport-upgrader"
  packages = ["."]
  revision = "b4ab689796cdae99ad6641abcedcd7c23258de0c"
  version = "v0.0.1"

[[projects]]
  name = "github.com/libp2p/go-maddr-filter"
  packages = ["."]
  revision = "1258bb7e3e3a37bb9a93aaf77ef88f8405b39bce"
  version = "v0.0.1"

[[projects]]
  name = "github.com/libp2p/go-mplex"
  packages = ["."]
  revision = "b16006283f6036f9a461f78692c397b134a75393"
  version = "v0.0.1"

[[projects]]
  name = "github.com/libp2p/go-msgio"
  packages = ["."]
  revision = "2efd92d62d528c56c6711346e82df0c74a5742a8"
  version = "v0.0.1"

[[projects]]
  name = "github.com/libp2p/go-nat"
  packages = ["."]
  revision = "d13fdefb3bbb2fde2c6fc090a7ea992cec8b26df"
  version = "v0.0.3"

[[projects]]
  name = "github.com/libp2p/go-reuseport"
  packages = ["."]
  revision = "3e6d618acfdfacbbeff71cb2bd70fc188f897a0f"
  version = "v0.0.1"

[[projects]]
  name = "github.com/libp2p/go-reuseport-transport"
  packages = ["."]
  revision = "c7583c88df654a2ecd621e863f661783d79b64d1"
  version = "v0.0.2"

[[projects]]
  name = "github.com/libp2p/go-stream-muxer"
  packages = ["."]
  revision = "96b8d4dc6b2577782a7c6c33776c115e3d2eacf6"
  version = "v0.0.1"

[[projects]]
  name = "github.com/libp2p/go-tcp-transport"
  packages = ["."]
  revision = "42717ef323c6cd024d3196d18bc1b7657c453d6d"
  version = "v0.0.2"

[[projects]]
  name = "github.com/libp2p/go-testutil"
  packages = ["."]
  revision = "425d0bf3c5d09720ab62cb2b79107d83651f271b"
  version = "v0.0.1"

[[projects]]
  name = "github.com/libp2p/go-ws-transport"
  packages = ["."]
  revision = "93daaa611babb322b314d33c6c6ad26298f55f56"
  version = "v0.0.2"

[[projects]]
  name = "github.com/lucas-clemente/quic-go"
  packages = [".","internal/ackhandler","internal/congestion","internal/flowcontrol","internal/handshake","internal/protocol","internal/qerr","internal/utils","internal/wire"]
  revision = "8dcdf12ff78def6cfd36107d8bf42aa38110fa94"
  version = "v0.11.1"

[[projects]]
  name = "github.com/marten-seemann/qtls"
  packages = ["."]
  revision = "65ca381cd298d7e0aef0de8ba523a870ec5a96fe"
  version = "v0.2.3"

[[projects]]
  name = "github.com/mattn/go-colorable"
  packages = ["."]
  revision = "3a70a971f94a22f2fa562ffcc7a0eb45f5daf045"
  version = "v0.1.1"

[[projects]]
  name = "github.com/mattn/go-isatty"
  packages = ["."]
  revision = "c2a7a6ca930a4cd0bc33a3f298eb71960732a3a7"
  version = "v0.0.7"

[[projects]]
  name = "github.com/miekg/dns"
  packages = ["."]
  revision = "73601d4aed9d844322611759d7f3619110b7c88e"
  version = "v1.1.8"

[[projects]]
  branch = "master"
  name = "github.com/minio/blake2b-simd"
  packages = ["."]
  revision = "3f5f724cb5b182a5c278d6d3d55b40e7f8c2efb4"

[[projects]]
  branch = "master"
  name = "github.com/minio/sha256-simd"
  packages = ["."]
  revision = "05b4dd3047e5d6e86cb4e0477164b850cd896261"

[[projects]]
  name = "github.com/mitchellh/go-homedir"
  packages = ["."]
  revision = "af06845cf3004701891bf4fdb884bfe4920b3727"
  version = "v1.1.0"

[[projects]]
  name = "github.com/mr-tron/base58"
  packages = ["base58"]
  revision = "6598572f05537592acb5a609ff53c4c7fbba7a3e"
  version = "v1.1.1"

[[projects]]
  name = "github.com/multiformats/go-base32"
  packages = ["."]
  revision = "a9c2755c3d1672dbe6a7e4a5d182169fa30b6a8e"
  version = "v0.0.3"

[[projects]]
  name = "github.com/multiformats/go-multiaddr"
  packages = ["."]
  revision = "ce21123d5172669bbf37a166078bc5f9d345ec2f"
  version = "v0.0.2"

[[projects]]
  name = "github.com/multiformats/go-multiaddr-dns"
  packages = ["."]
  revision = "e7c544d7a325c57bdbd7e9ba9c035a6701c5c7d2"
  version = "v0.0.2"

[[projects]]
  name = "github.com/multiformats/go-multiaddr-net"
  packages = ["."]
  revision = "bd61b0499a3cfc893a8eb109c5669342b1671881"
  version = "v0.0.1"

[[projects]]
  name = "github.com/multiformats/go-multibase"
  packages = ["."]
  revision = "d63641945dc1749baa23686ad0564ad63fef0493"
  version = "v0.0.1"

[[projects]]
  name = "github.com/multiformats/go-multicodec"
  packages = [".","base","base/b64","base/bin","base/hex","base/mux","cbor","json","mux"]
  revision = "b67bc51f663437753e2028cc4b5fea6192479956"
  version = "v0.1.6"

[[projects]]
  name = "github.com/multiformats/go-multihash"
  packages = ["."]
  revision = "2ca70e715b6950a9382097b770a3f44fd570d388"
  version = "v0.0.2"

[[projects]]
  name = "github.com/multiformats/go-multistream"
  packages = ["."]
  revision = "f3f44044ac2444cd3a017c0b269f8da65b0012f1"
  version = "v0.0.1"

[[projects]]
  name = "github.com/opentracing/opentracing-go"
  packages = [".","ext","log"]
  revision = "659c90643e714681897ec2521c60567dd21da733"
  version = "v1.1.0"

[[projects]]
  name = "github.com/pkg/errors"
  packages = ["."]
  revision = "ba968bfe8b2f7e042a574c888954fccecfa385b4"
  version = "v0.8.1"

[[projects]]
  name = "github.com/pmezard/go-difflib"
  packages = ["difflib"]
  revision = "792786c7400a136282c1664665ae0a8db921c6c2"
  version = "v1.0.0"

[[projects]]
  branch = "master"
  name = "github.com/polydawn/refmt"
  packages = [".","cbor","json","obj","obj/atlas","pretty","shared","tok"]
  revision = "01bf1e26dd14f9b71f26b7005a2b1ef514d5f9a4"

[[projects]]
  name = "github.com/spaolacci/murmur3"
  packages = ["."]
  revision = "9f5d223c60793748f04a9d5b4b4eacddfc1f755d"
  version = "v1.1"

[[projects]]
  name = "github.com/stretchr/testify"
  packages = ["assert"]
  revision = "ffdc059bfe9ce6a4e144ba849dbedead332c6053"
  version = "v1.3.0"

[[projects]]
  branch = "master"
  name = "github.com/whyrusleeping/base32"
  packages = ["."]
  revision = "c30ac30633ccdabefe87eb12465113f06f1bab75"

[[projects]]
  branch = "master"
  name = "github.com/whyrusleeping/cbor"
  packages = ["go"]
  revision = "63513f603b11583741970c5045ea567130ddb492"

[[projects]]
  branch = "master"
  name = "github.com/whyrusleeping/chunker"
  packages = ["."]
  revision = "fe64bd25879f446bb7e8a4adf5d4a68552211bd3"

[[projects]]
  branch = "master"
  name = "github.com/whyrusleeping/go-keyspace"
  packages = ["."]
  revision = "5b898ac5add1da7178a4a98e69cb7b9205c085ee"

[[projects]]
  branch = "master"
  name = "github.com/whyrusleeping/go-logging"
  packages = ["."]
  revision = "0457bb6b88fc1973573aaf6b5145d8d3ae972390"

[[projects]]
  branch = "master"
  name = "github.com/whyrusleeping/go-notifier"
  packages = ["."]
  revision = "097c5d47330ff6a823f67e3515faa13566a62c6f"

[[projects]]
  name = "github.com/whyrusleeping/go-smux-multiplex"
  packages = ["."]
  revision = "2b855d4f3a3051b0133f7783bffe06e4b7833d1e"
  version = "v3.0.16"

[[projects]]
  name = "github.com/whyrusleeping/go-smux-multistream"
  packages = ["."]
  revision = "e799b10bc6eea2cc5ce18f7b7b4d8e1a0439476d"
  version = "v2.0.2"

[[projects]]
  name = "github.com/whyrusleeping/go-smux-yamux"
  packages = ["."]
  revision = "902adacdc02ba8fca64a0d0985576a1dc3138ee5"
  version = "v2.0.9"

[[projects]]
  name = "github.com/whyrusleeping/mafmt"
  packages = ["."]
  revision = "7aa7fad2ede4e7157818e3e7af5061f866a9ae23"
  version = "v1.2.8"

[[projects]]
  branch = "master"
  name = "github.com/whyrusleeping/mdns"
  packages = ["."]
  revision = "ef14215e6b30606f4ce84174ed7a644a05cb1af3"

[[projects]]
  branch = "master"
  name = "github.com/whyrusleeping/multiaddr-filter"
  packages = ["."]
  revision = "e903e4adabd70b78bc9293b6ee4f359afb3f9f59"

[[projects]]
  branch = "master"
  name = "github.com/whyrusleeping/timecache"
  packages = ["."]
  revision = "cfcb2f1abfee846c430233aef0b630a946e0a5a6"

[[projects]]
  name = "github.com/whyrusleeping/yamux"
  packages = ["."]
  revision = "5364a42fe4b5efa5967c11c8f9b0f049cac0c4a9"
  version = "v1.1.5"

[[projects]]
  branch = "master"
  name = "golang.org/x/crypto"
  packages = ["blake2s","blowfish","chacha20poly1305","cryptobyte","cryptobyte/asn1","curve25519","ed25519","ed25519/internal/edwards25519","hkdf","internal/chacha20","internal/subtle","poly1305","salsa20","salsa20/salsa","sha3"]
  revision = "88737f569e3a9c7ab309cdc09a07fe7fc87233c3"

[[projects]]
  branch = "master"
  name = "golang.org/x/net"
  packages = ["bpf","context","html","html/atom","html/charset","http/httpguts","http2","http2/hpack","idna","internal/iana","internal/socket","internal/timeseries","ipv4","ipv6","trace"]
  revision = "1da14a5a36f220ea3f03470682b737b1dfd5de22"

[[projects]]
  branch = "master"
  name = "golang.org/x/sys"
  packages = ["cpu","unix","windows"]
  revision = "12500544f89f9420afe9529ba8940bf72d294972"

[[projects]]
  name = "golang.org/x/text"
  packages = ["collate","collate/build","encoding","encoding/charmap","encoding/htmlindex","encoding/internal","encoding/internal/identifier","encoding/japanese","encoding/korean","encoding/simplifiedchinese","encoding/traditionalchinese","encoding/unicode","internal/colltab","internal/gen","internal/tag","internal/triegen","internal/ucd","internal/utf8internal","language","runes","secure/bidirule","transform","unicode/bidi","unicode/cldr","unicode/norm","unicode/rangetable"]
  revision = "f21a4dfb5e38f5895301dc265a8def02365cc3d0"
  version = "v0.3.0"

[[projects]]
  branch = "master"
  name = "golang.org/x/xerrors"
  packages = [".","internal"]
  revision = "1f06c39b43733b74392b1972507822714ced3242"

[[projects]]
  branch = "master"
  name = "google.golang.org/genproto"
  packages = ["googleapis/rpc/status"]
  revision = "d1146b9035b912113a38af3b138eb2af567b2c67"

[[projects]]
  name = "google.golang.org/grpc"
  packages = [".","balancer","balancer/base","balancer/roundrobin","binarylog/grpc_binarylog_v1","codes","connectivity","credentials","credentials/internal","encoding","encoding/proto","grpclog","internal","internal/backoff","internal/balancerload","internal/binarylog","internal/channelz","internal/envconfig","internal/grpcrand","internal/grpcsync","internal/syscall","internal/transport","keepalive","metadata","naming","peer","resolver","resolver/dns","resolver/passthrough","stats","status","tap"]
  revision = "236199dd5f8031d698fb64091194aecd1c3895b2"
  version = "v1.20.0"

[solve-meta]
  analyzer-name = "dep"
  analyzer-version = 1
  inputs-digest = "54bbace99dbb7b2f1a758cf35943765075659763ff3bd86efe91150b0852b7e0"
  solver-name = "gps-cdcl"
  solver-version = 1
